// !$*UTF8*$!
{
	archiveVersion = 1;
	classes = {
	};
	objectVersion = 46;
	objects = {

/* Begin PBXBuildFile section */
		CB0EA8E91814284900932BBE /* FCLispEnvironment.m in Sources */ = {isa = PBXBuildFile; fileRef = CB0EA8DA1814284900932BBE /* FCLispEnvironment.m */; };
		CB0EA8EA1814284900932BBE /* FCLispEvaluator.m in Sources */ = {isa = PBXBuildFile; fileRef = CB0EA8DC1814284900932BBE /* FCLispEvaluator.m */; };
		CB0EA8EB1814284900932BBE /* FCLispException.m in Sources */ = {isa = PBXBuildFile; fileRef = CB0EA8DE1814284900932BBE /* FCLispException.m */; };
		CB0EA8EC1814284900932BBE /* FCLispInterpreter.m in Sources */ = {isa = PBXBuildFile; fileRef = CB0EA8E01814284900932BBE /* FCLispInterpreter.m */; };
		CB0EA8ED1814284900932BBE /* FCLispListBuilder.m in Sources */ = {isa = PBXBuildFile; fileRef = CB0EA8E21814284900932BBE /* FCLispListBuilder.m */; };
		CB0EA8EE1814284900932BBE /* FCLispParser.m in Sources */ = {isa = PBXBuildFile; fileRef = CB0EA8E41814284900932BBE /* FCLispParser.m */; };
		CB0EA8EF1814284900932BBE /* FCLispParserToken.m in Sources */ = {isa = PBXBuildFile; fileRef = CB0EA8E61814284900932BBE /* FCLispParserToken.m */; };
		CB0EA8F01814284900932BBE /* FCLispScopeStack.m in Sources */ = {isa = PBXBuildFile; fileRef = CB0EA8E81814284900932BBE /* FCLispScopeStack.m */; };
		CB0EA90B1814285F00932BBE /* FCLispBuildinFunction.m in Sources */ = {isa = PBXBuildFile; fileRef = CB0EA8F21814285E00932BBE /* FCLispBuildinFunction.m */; };
		CB0EA90C1814285F00932BBE /* FCLispCharacter.m in Sources */ = {isa = PBXBuildFile; fileRef = CB0EA8F41814285E00932BBE /* FCLispCharacter.m */; };
		CB0EA90D1814285F00932BBE /* FCLispCons.m in Sources */ = {isa = PBXBuildFile; fileRef = CB0EA8F61814285E00932BBE /* FCLispCons.m */; };
		CB0EA90E1814285F00932BBE /* FCLispDictionary.m in Sources */ = {isa = PBXBuildFile; fileRef = CB0EA8F81814285E00932BBE /* FCLispDictionary.m */; };
		CB0EA90F1814285F00932BBE /* FCLispFunction.m in Sources */ = {isa = PBXBuildFile; fileRef = CB0EA8FA1814285E00932BBE /* FCLispFunction.m */; };
		CB0EA9101814285F00932BBE /* FCLispLambdaFunction.m in Sources */ = {isa = PBXBuildFile; fileRef = CB0EA8FC1814285E00932BBE /* FCLispLambdaFunction.m */; };
		CB0EA9111814285F00932BBE /* FCLispNIL.m in Sources */ = {isa = PBXBuildFile; fileRef = CB0EA8FE1814285E00932BBE /* FCLispNIL.m */; };
		CB0EA9121814285F00932BBE /* FCLispNumber.m in Sources */ = {isa = PBXBuildFile; fileRef = CB0EA9001814285E00932BBE /* FCLispNumber.m */; };
		CB0EA9131814285F00932BBE /* FCLispObject.m in Sources */ = {isa = PBXBuildFile; fileRef = CB0EA9021814285E00932BBE /* FCLispObject.m */; };
		CB0EA9141814285F00932BBE /* FCLispSequence.m in Sources */ = {isa = PBXBuildFile; fileRef = CB0EA9041814285E00932BBE /* FCLispSequence.m */; };
		CB0EA9151814285F00932BBE /* FCLispString.m in Sources */ = {isa = PBXBuildFile; fileRef = CB0EA9061814285F00932BBE /* FCLispString.m */; };
		CB0EA9161814285F00932BBE /* FCLispSymbol.m in Sources */ = {isa = PBXBuildFile; fileRef = CB0EA9081814285F00932BBE /* FCLispSymbol.m */; };
		CB0EA9171814285F00932BBE /* FCLispT.m in Sources */ = {isa = PBXBuildFile; fileRef = CB0EA90A1814285F00932BBE /* FCLispT.m */; };
		CB0EA91E1814286800932BBE /* FCUTF8Char.m in Sources */ = {isa = PBXBuildFile; fileRef = CB0EA9191814286800932BBE /* FCUTF8Char.m */; };
		CB0EA91F1814286800932BBE /* FCUTF8CharacterStream.m in Sources */ = {isa = PBXBuildFile; fileRef = CB0EA91B1814286800932BBE /* FCUTF8CharacterStream.m */; };
		CB0EA9201814286800932BBE /* FCUTF8String.m in Sources */ = {isa = PBXBuildFile; fileRef = CB0EA91D1814286800932BBE /* FCUTF8String.m */; };
		CB0EA9231814287000932BBE /* NSArray+FCLisp.m in Sources */ = {isa = PBXBuildFile; fileRef = CB0EA9221814287000932BBE /* NSArray+FCLisp.m */; };
		CB5BC89817F8CB7700084263 /* Foundation.framework in Frameworks */ = {isa = PBXBuildFile; fileRef = CB5BC89717F8CB7700084263 /* Foundation.framework */; };
		CB5BC89B17F8CB7700084263 /* main.m in Sources */ = {isa = PBXBuildFile; fileRef = CB5BC89A17F8CB7700084263 /* main.m */; };
		CB5BC89F17F8CB7700084263 /* FCLispInterpreter.1 in CopyFiles */ = {isa = PBXBuildFile; fileRef = CB5BC89E17F8CB7700084263 /* FCLispInterpreter.1 */; };
		CBD9DDD5181587EF009778E7 /* FCLispArray.m in Sources */ = {isa = PBXBuildFile; fileRef = CBD9DDD4181587EF009778E7 /* FCLispArray.m */; };
/* End PBXBuildFile section */

/* Begin PBXCopyFilesBuildPhase section */
		CB5BC89217F8CB7700084263 /* CopyFiles */ = {
			isa = PBXCopyFilesBuildPhase;
			buildActionMask = 2147483647;
			dstPath = /usr/share/man/man1/;
			dstSubfolderSpec = 0;
			files = (
				CB5BC89F17F8CB7700084263 /* FCLispInterpreter.1 in CopyFiles */,
			);
			runOnlyForDeploymentPostprocessing = 1;
		};
/* End PBXCopyFilesBuildPhase section */

/* Begin PBXFileReference section */
		CB0EA8D81814284900932BBE /* FCLisp.h */ = {isa = PBXFileReference; fileEncoding = 4; lastKnownFileType = sourcecode.c.h; path = FCLisp.h; sourceTree = "<group>"; };
		CB0EA8D91814284900932BBE /* FCLispEnvironment.h */ = {isa = PBXFileReference; fileEncoding = 4; lastKnownFileType = sourcecode.c.h; path = FCLispEnvironment.h; sourceTree = "<group>"; };
		CB0EA8DA1814284900932BBE /* FCLispEnvironment.m */ = {isa = PBXFileReference; fileEncoding = 4; lastKnownFileType = sourcecode.c.objc; path = FCLispEnvironment.m; sourceTree = "<group>"; };
		CB0EA8DB1814284900932BBE /* FCLispEvaluator.h */ = {isa = PBXFileReference; fileEncoding = 4; lastKnownFileType = sourcecode.c.h; path = FCLispEvaluator.h; sourceTree = "<group>"; };
		CB0EA8DC1814284900932BBE /* FCLispEvaluator.m */ = {isa = PBXFileReference; fileEncoding = 4; lastKnownFileType = sourcecode.c.objc; path = FCLispEvaluator.m; sourceTree = "<group>"; };
		CB0EA8DD1814284900932BBE /* FCLispException.h */ = {isa = PBXFileReference; fileEncoding = 4; lastKnownFileType = sourcecode.c.h; path = FCLispException.h; sourceTree = "<group>"; };
		CB0EA8DE1814284900932BBE /* FCLispException.m */ = {isa = PBXFileReference; fileEncoding = 4; lastKnownFileType = sourcecode.c.objc; path = FCLispException.m; sourceTree = "<group>"; };
		CB0EA8DF1814284900932BBE /* FCLispInterpreter.h */ = {isa = PBXFileReference; fileEncoding = 4; lastKnownFileType = sourcecode.c.h; path = FCLispInterpreter.h; sourceTree = "<group>"; };
		CB0EA8E01814284900932BBE /* FCLispInterpreter.m */ = {isa = PBXFileReference; fileEncoding = 4; lastKnownFileType = sourcecode.c.objc; path = FCLispInterpreter.m; sourceTree = "<group>"; };
		CB0EA8E11814284900932BBE /* FCLispListBuilder.h */ = {isa = PBXFileReference; fileEncoding = 4; lastKnownFileType = sourcecode.c.h; path = FCLispListBuilder.h; sourceTree = "<group>"; };
		CB0EA8E21814284900932BBE /* FCLispListBuilder.m */ = {isa = PBXFileReference; fileEncoding = 4; lastKnownFileType = sourcecode.c.objc; path = FCLispListBuilder.m; sourceTree = "<group>"; };
		CB0EA8E31814284900932BBE /* FCLispParser.h */ = {isa = PBXFileReference; fileEncoding = 4; lastKnownFileType = sourcecode.c.h; path = FCLispParser.h; sourceTree = "<group>"; };
		CB0EA8E41814284900932BBE /* FCLispParser.m */ = {isa = PBXFileReference; fileEncoding = 4; lastKnownFileType = sourcecode.c.objc; path = FCLispParser.m; sourceTree = "<group>"; };
		CB0EA8E51814284900932BBE /* FCLispParserToken.h */ = {isa = PBXFileReference; fileEncoding = 4; lastKnownFileType = sourcecode.c.h; path = FCLispParserToken.h; sourceTree = "<group>"; };
		CB0EA8E61814284900932BBE /* FCLispParserToken.m */ = {isa = PBXFileReference; fileEncoding = 4; lastKnownFileType = sourcecode.c.objc; path = FCLispParserToken.m; sourceTree = "<group>"; };
		CB0EA8E71814284900932BBE /* FCLispScopeStack.h */ = {isa = PBXFileReference; fileEncoding = 4; lastKnownFileType = sourcecode.c.h; path = FCLispScopeStack.h; sourceTree = "<group>"; };
		CB0EA8E81814284900932BBE /* FCLispScopeStack.m */ = {isa = PBXFileReference; fileEncoding = 4; lastKnownFileType = sourcecode.c.objc; path = FCLispScopeStack.m; sourceTree = "<group>"; };
		CB0EA8F11814285E00932BBE /* FCLispBuildinFunction.h */ = {isa = PBXFileReference; fileEncoding = 4; lastKnownFileType = sourcecode.c.h; path = FCLispBuildinFunction.h; sourceTree = "<group>"; };
		CB0EA8F21814285E00932BBE /* FCLispBuildinFunction.m */ = {isa = PBXFileReference; fileEncoding = 4; lastKnownFileType = sourcecode.c.objc; path = FCLispBuildinFunction.m; sourceTree = "<group>"; };
		CB0EA8F31814285E00932BBE /* FCLispCharacter.h */ = {isa = PBXFileReference; fileEncoding = 4; lastKnownFileType = sourcecode.c.h; path = FCLispCharacter.h; sourceTree = "<group>"; };
		CB0EA8F41814285E00932BBE /* FCLispCharacter.m */ = {isa = PBXFileReference; fileEncoding = 4; lastKnownFileType = sourcecode.c.objc; path = FCLispCharacter.m; sourceTree = "<group>"; };
		CB0EA8F51814285E00932BBE /* FCLispCons.h */ = {isa = PBXFileReference; fileEncoding = 4; lastKnownFileType = sourcecode.c.h; path = FCLispCons.h; sourceTree = "<group>"; };
		CB0EA8F61814285E00932BBE /* FCLispCons.m */ = {isa = PBXFileReference; fileEncoding = 4; lastKnownFileType = sourcecode.c.objc; path = FCLispCons.m; sourceTree = "<group>"; };
		CB0EA8F71814285E00932BBE /* FCLispDictionary.h */ = {isa = PBXFileReference; fileEncoding = 4; lastKnownFileType = sourcecode.c.h; path = FCLispDictionary.h; sourceTree = "<group>"; };
		CB0EA8F81814285E00932BBE /* FCLispDictionary.m */ = {isa = PBXFileReference; fileEncoding = 4; lastKnownFileType = sourcecode.c.objc; path = FCLispDictionary.m; sourceTree = "<group>"; };
		CB0EA8F91814285E00932BBE /* FCLispFunction.h */ = {isa = PBXFileReference; fileEncoding = 4; lastKnownFileType = sourcecode.c.h; path = FCLispFunction.h; sourceTree = "<group>"; };
		CB0EA8FA1814285E00932BBE /* FCLispFunction.m */ = {isa = PBXFileReference; fileEncoding = 4; lastKnownFileType = sourcecode.c.objc; path = FCLispFunction.m; sourceTree = "<group>"; };
		CB0EA8FB1814285E00932BBE /* FCLispLambdaFunction.h */ = {isa = PBXFileReference; fileEncoding = 4; lastKnownFileType = sourcecode.c.h; path = FCLispLambdaFunction.h; sourceTree = "<group>"; };
		CB0EA8FC1814285E00932BBE /* FCLispLambdaFunction.m */ = {isa = PBXFileReference; fileEncoding = 4; lastKnownFileType = sourcecode.c.objc; path = FCLispLambdaFunction.m; sourceTree = "<group>"; };
		CB0EA8FD1814285E00932BBE /* FCLispNIL.h */ = {isa = PBXFileReference; fileEncoding = 4; lastKnownFileType = sourcecode.c.h; path = FCLispNIL.h; sourceTree = "<group>"; };
		CB0EA8FE1814285E00932BBE /* FCLispNIL.m */ = {isa = PBXFileReference; fileEncoding = 4; lastKnownFileType = sourcecode.c.objc; path = FCLispNIL.m; sourceTree = "<group>"; };
		CB0EA8FF1814285E00932BBE /* FCLispNumber.h */ = {isa = PBXFileReference; fileEncoding = 4; lastKnownFileType = sourcecode.c.h; path = FCLispNumber.h; sourceTree = "<group>"; };
		CB0EA9001814285E00932BBE /* FCLispNumber.m */ = {isa = PBXFileReference; fileEncoding = 4; lastKnownFileType = sourcecode.c.objc; path = FCLispNumber.m; sourceTree = "<group>"; };
		CB0EA9011814285E00932BBE /* FCLispObject.h */ = {isa = PBXFileReference; fileEncoding = 4; lastKnownFileType = sourcecode.c.h; path = FCLispObject.h; sourceTree = "<group>"; };
		CB0EA9021814285E00932BBE /* FCLispObject.m */ = {isa = PBXFileReference; fileEncoding = 4; lastKnownFileType = sourcecode.c.objc; path = FCLispObject.m; sourceTree = "<group>"; };
		CB0EA9031814285E00932BBE /* FCLispSequence.h */ = {isa = PBXFileReference; fileEncoding = 4; lastKnownFileType = sourcecode.c.h; path = FCLispSequence.h; sourceTree = "<group>"; };
		CB0EA9041814285E00932BBE /* FCLispSequence.m */ = {isa = PBXFileReference; fileEncoding = 4; lastKnownFileType = sourcecode.c.objc; path = FCLispSequence.m; sourceTree = "<group>"; };
		CB0EA9051814285F00932BBE /* FCLispString.h */ = {isa = PBXFileReference; fileEncoding = 4; lastKnownFileType = sourcecode.c.h; path = FCLispString.h; sourceTree = "<group>"; };
		CB0EA9061814285F00932BBE /* FCLispString.m */ = {isa = PBXFileReference; fileEncoding = 4; lastKnownFileType = sourcecode.c.objc; path = FCLispString.m; sourceTree = "<group>"; };
		CB0EA9071814285F00932BBE /* FCLispSymbol.h */ = {isa = PBXFileReference; fileEncoding = 4; lastKnownFileType = sourcecode.c.h; path = FCLispSymbol.h; sourceTree = "<group>"; };
		CB0EA9081814285F00932BBE /* FCLispSymbol.m */ = {isa = PBXFileReference; fileEncoding = 4; lastKnownFileType = sourcecode.c.objc; path = FCLispSymbol.m; sourceTree = "<group>"; };
		CB0EA9091814285F00932BBE /* FCLispT.h */ = {isa = PBXFileReference; fileEncoding = 4; lastKnownFileType = sourcecode.c.h; path = FCLispT.h; sourceTree = "<group>"; };
		CB0EA90A1814285F00932BBE /* FCLispT.m */ = {isa = PBXFileReference; fileEncoding = 4; lastKnownFileType = sourcecode.c.objc; path = FCLispT.m; sourceTree = "<group>"; };
		CB0EA9181814286800932BBE /* FCUTF8Char.h */ = {isa = PBXFileReference; fileEncoding = 4; lastKnownFileType = sourcecode.c.h; path = FCUTF8Char.h; sourceTree = "<group>"; };
		CB0EA9191814286800932BBE /* FCUTF8Char.m */ = {isa = PBXFileReference; fileEncoding = 4; lastKnownFileType = sourcecode.c.objc; path = FCUTF8Char.m; sourceTree = "<group>"; };
		CB0EA91A1814286800932BBE /* FCUTF8CharacterStream.h */ = {isa = PBXFileReference; fileEncoding = 4; lastKnownFileType = sourcecode.c.h; path = FCUTF8CharacterStream.h; sourceTree = "<group>"; };
		CB0EA91B1814286800932BBE /* FCUTF8CharacterStream.m */ = {isa = PBXFileReference; fileEncoding = 4; lastKnownFileType = sourcecode.c.objc; path = FCUTF8CharacterStream.m; sourceTree = "<group>"; };
		CB0EA91C1814286800932BBE /* FCUTF8String.h */ = {isa = PBXFileReference; fileEncoding = 4; lastKnownFileType = sourcecode.c.h; path = FCUTF8String.h; sourceTree = "<group>"; };
		CB0EA91D1814286800932BBE /* FCUTF8String.m */ = {isa = PBXFileReference; fileEncoding = 4; lastKnownFileType = sourcecode.c.objc; path = FCUTF8String.m; sourceTree = "<group>"; };
		CB0EA9211814287000932BBE /* NSArray+FCLisp.h */ = {isa = PBXFileReference; fileEncoding = 4; lastKnownFileType = sourcecode.c.h; path = "NSArray+FCLisp.h"; sourceTree = "<group>"; };
		CB0EA9221814287000932BBE /* NSArray+FCLisp.m */ = {isa = PBXFileReference; fileEncoding = 4; lastKnownFileType = sourcecode.c.objc; path = "NSArray+FCLisp.m"; sourceTree = "<group>"; };
		CB5BC89417F8CB7700084263 /* FCLispInterpreter */ = {isa = PBXFileReference; explicitFileType = "compiled.mach-o.executable"; includeInIndex = 0; path = FCLispInterpreter; sourceTree = BUILT_PRODUCTS_DIR; };
		CB5BC89717F8CB7700084263 /* Foundation.framework */ = {isa = PBXFileReference; lastKnownFileType = wrapper.framework; name = Foundation.framework; path = System/Library/Frameworks/Foundation.framework; sourceTree = SDKROOT; };
		CB5BC89A17F8CB7700084263 /* main.m */ = {isa = PBXFileReference; lastKnownFileType = sourcecode.c.objc; path = main.m; sourceTree = "<group>"; };
		CB5BC89D17F8CB7700084263 /* FCLispInterpreter-Prefix.pch */ = {isa = PBXFileReference; lastKnownFileType = sourcecode.c.h; path = "FCLispInterpreter-Prefix.pch"; sourceTree = "<group>"; };
		CB5BC89E17F8CB7700084263 /* FCLispInterpreter.1 */ = {isa = PBXFileReference; lastKnownFileType = text.man; path = FCLispInterpreter.1; sourceTree = "<group>"; };
		CBD9DDD3181587EF009778E7 /* FCLispArray.h */ = {isa = PBXFileReference; fileEncoding = 4; lastKnownFileType = sourcecode.c.h; path = FCLispArray.h; sourceTree = "<group>"; };
		CBD9DDD4181587EF009778E7 /* FCLispArray.m */ = {isa = PBXFileReference; fileEncoding = 4; lastKnownFileType = sourcecode.c.objc; path = FCLispArray.m; sourceTree = "<group>"; };
/* End PBXFileReference section */

/* Begin PBXFrameworksBuildPhase section */
		CB5BC89117F8CB7700084263 /* Frameworks */ = {
			isa = PBXFrameworksBuildPhase;
			buildActionMask = 2147483647;
			files = (
				CB5BC89817F8CB7700084263 /* Foundation.framework in Frameworks */,
			);
			runOnlyForDeploymentPostprocessing = 0;
		};
/* End PBXFrameworksBuildPhase section */

/* Begin PBXGroup section */
		CB5BC88B17F8CB7700084263 = {
			isa = PBXGroup;
			children = (
				CB5BC89917F8CB7700084263 /* FCLispInterpreter */,
				CB5BC89617F8CB7700084263 /* Frameworks */,
				CB5BC89517F8CB7700084263 /* Products */,
			);
			sourceTree = "<group>";
		};
		CB5BC89517F8CB7700084263 /* Products */ = {
			isa = PBXGroup;
			children = (
				CB5BC89417F8CB7700084263 /* FCLispInterpreter */,
			);
			name = Products;
			sourceTree = "<group>";
		};
		CB5BC89617F8CB7700084263 /* Frameworks */ = {
			isa = PBXGroup;
			children = (
				CB5BC89717F8CB7700084263 /* Foundation.framework */,
			);
			name = Frameworks;
			sourceTree = "<group>";
		};
		CB5BC89917F8CB7700084263 /* FCLispInterpreter */ = {
			isa = PBXGroup;
			children = (
				CB9468811812A18200E978D3 /* Helpers */,
				CB9468801812A17300E978D3 /* FCUTF8 */,
				CB94687F1812A15B00E978D3 /* FCLispCore */,
				CB94687E1812A13F00E978D3 /* FCLispObjects */,
				CB5BC89A17F8CB7700084263 /* main.m */,
				CB5BC89E17F8CB7700084263 /* FCLispInterpreter.1 */,
				CB5BC89C17F8CB7700084263 /* Supporting Files */,
			);
			path = FCLispInterpreter;
			sourceTree = "<group>";
		};
		CB5BC89C17F8CB7700084263 /* Supporting Files */ = {
			isa = PBXGroup;
			children = (
				CB5BC89D17F8CB7700084263 /* FCLispInterpreter-Prefix.pch */,
			);
			name = "Supporting Files";
			sourceTree = "<group>";
		};
		CB94687E1812A13F00E978D3 /* FCLispObjects */ = {
			isa = PBXGroup;
			children = (
				CB0EA8F11814285E00932BBE /* FCLispBuildinFunction.h */,
				CB0EA8F21814285E00932BBE /* FCLispBuildinFunction.m */,
				CB0EA8F31814285E00932BBE /* FCLispCharacter.h */,
				CB0EA8F41814285E00932BBE /* FCLispCharacter.m */,
				CB0EA8F51814285E00932BBE /* FCLispCons.h */,
				CB0EA8F61814285E00932BBE /* FCLispCons.m */,
				CB0EA8F71814285E00932BBE /* FCLispDictionary.h */,
				CB0EA8F81814285E00932BBE /* FCLispDictionary.m */,
				CBD9DDD3181587EF009778E7 /* FCLispArray.h */,
				CBD9DDD4181587EF009778E7 /* FCLispArray.m */,
				CB0EA8F91814285E00932BBE /* FCLispFunction.h */,
				CB0EA8FA1814285E00932BBE /* FCLispFunction.m */,
				CB0EA8FB1814285E00932BBE /* FCLispLambdaFunction.h */,
				CB0EA8FC1814285E00932BBE /* FCLispLambdaFunction.m */,
				CB0EA8FD1814285E00932BBE /* FCLispNIL.h */,
				CB0EA8FE1814285E00932BBE /* FCLispNIL.m */,
				CB0EA8FF1814285E00932BBE /* FCLispNumber.h */,
				CB0EA9001814285E00932BBE /* FCLispNumber.m */,
				CB0EA9011814285E00932BBE /* FCLispObject.h */,
				CB0EA9021814285E00932BBE /* FCLispObject.m */,
				CB0EA9031814285E00932BBE /* FCLispSequence.h */,
				CB0EA9041814285E00932BBE /* FCLispSequence.m */,
				CB0EA9051814285F00932BBE /* FCLispString.h */,
				CB0EA9061814285F00932BBE /* FCLispString.m */,
				CB0EA9071814285F00932BBE /* FCLispSymbol.h */,
				CB0EA9081814285F00932BBE /* FCLispSymbol.m */,
				CB0EA9091814285F00932BBE /* FCLispT.h */,
				CB0EA90A1814285F00932BBE /* FCLispT.m */,
			);
			path = FCLispObjects;
			sourceTree = "<group>";
		};
		CB94687F1812A15B00E978D3 /* FCLispCore */ = {
			isa = PBXGroup;
			children = (
				CB0EA8D81814284900932BBE /* FCLisp.h */,
				CB0EA8D91814284900932BBE /* FCLispEnvironment.h */,
				CB0EA8DA1814284900932BBE /* FCLispEnvironment.m */,
				CB0EA8DB1814284900932BBE /* FCLispEvaluator.h */,
				CB0EA8DC1814284900932BBE /* FCLispEvaluator.m */,
				CB0EA8DD1814284900932BBE /* FCLispException.h */,
				CB0EA8DE1814284900932BBE /* FCLispException.m */,
				CB0EA8DF1814284900932BBE /* FCLispInterpreter.h */,
				CB0EA8E01814284900932BBE /* FCLispInterpreter.m */,
				CB0EA8E11814284900932BBE /* FCLispListBuilder.h */,
				CB0EA8E21814284900932BBE /* FCLispListBuilder.m */,
				CB0EA8E31814284900932BBE /* FCLispParser.h */,
				CB0EA8E41814284900932BBE /* FCLispParser.m */,
				CB0EA8E51814284900932BBE /* FCLispParserToken.h */,
				CB0EA8E61814284900932BBE /* FCLispParserToken.m */,
				CB0EA8E71814284900932BBE /* FCLispScopeStack.h */,
				CB0EA8E81814284900932BBE /* FCLispScopeStack.m */,
			);
			path = FCLispCore;
			sourceTree = "<group>";
		};
		CB9468801812A17300E978D3 /* FCUTF8 */ = {
			isa = PBXGroup;
			children = (
				CB0EA9181814286800932BBE /* FCUTF8Char.h */,
				CB0EA9191814286800932BBE /* FCUTF8Char.m */,
				CB0EA91A1814286800932BBE /* FCUTF8CharacterStream.h */,
				CB0EA91B1814286800932BBE /* FCUTF8CharacterStream.m */,
				CB0EA91C1814286800932BBE /* FCUTF8String.h */,
				CB0EA91D1814286800932BBE /* FCUTF8String.m */,
			);
			path = FCUTF8;
			sourceTree = "<group>";
		};
		CB9468811812A18200E978D3 /* Helpers */ = {
			isa = PBXGroup;
			children = (
				CB0EA9211814287000932BBE /* NSArray+FCLisp.h */,
				CB0EA9221814287000932BBE /* NSArray+FCLisp.m */,
			);
			path = Helpers;
			sourceTree = "<group>";
		};
/* End PBXGroup section */

/* Begin PBXNativeTarget section */
		CB5BC89317F8CB7700084263 /* FCLispInterpreter */ = {
			isa = PBXNativeTarget;
			buildConfigurationList = CB5BC8A217F8CB7700084263 /* Build configuration list for PBXNativeTarget "FCLispInterpreter" */;
			buildPhases = (
				CB5BC89017F8CB7700084263 /* Sources */,
				CB5BC89117F8CB7700084263 /* Frameworks */,
				CB5BC89217F8CB7700084263 /* CopyFiles */,
			);
			buildRules = (
			);
			dependencies = (
			);
			name = FCLispInterpreter;
			productName = FCLispInterpreter;
			productReference = CB5BC89417F8CB7700084263 /* FCLispInterpreter */;
			productType = "com.apple.product-type.tool";
		};
/* End PBXNativeTarget section */

/* Begin PBXProject section */
		CB5BC88C17F8CB7700084263 /* Project object */ = {
			isa = PBXProject;
			attributes = {
				LastUpgradeCheck = 0500;
				ORGANIZATIONNAME = Farcoding;
			};
			buildConfigurationList = CB5BC88F17F8CB7700084263 /* Build configuration list for PBXProject "FCLispInterpreter" */;
			compatibilityVersion = "Xcode 3.2";
			developmentRegion = English;
			hasScannedForEncodings = 0;
			knownRegions = (
				en,
			);
			mainGroup = CB5BC88B17F8CB7700084263;
			productRefGroup = CB5BC89517F8CB7700084263 /* Products */;
			projectDirPath = "";
			projectRoot = "";
			targets = (
				CB5BC89317F8CB7700084263 /* FCLispInterpreter */,
			);
		};
/* End PBXProject section */

/* Begin PBXSourcesBuildPhase section */
		CB5BC89017F8CB7700084263 /* Sources */ = {
			isa = PBXSourcesBuildPhase;
			buildActionMask = 2147483647;
			files = (
				CB0EA8ED1814284900932BBE /* FCLispListBuilder.m in Sources */,
				CB0EA8EB1814284900932BBE /* FCLispException.m in Sources */,
				CB0EA90B1814285F00932BBE /* FCLispBuildinFunction.m in Sources */,
				CB0EA91E1814286800932BBE /* FCUTF8Char.m in Sources */,
				CB0EA8EC1814284900932BBE /* FCLispInterpreter.m in Sources */,
				CB0EA90F1814285F00932BBE /* FCLispFunction.m in Sources */,
				CB0EA9161814285F00932BBE /* FCLispSymbol.m in Sources */,
				CB0EA8F01814284900932BBE /* FCLispScopeStack.m in Sources */,
				CB0EA9171814285F00932BBE /* FCLispT.m in Sources */,
				CB0EA8EA1814284900932BBE /* FCLispEvaluator.m in Sources */,
				CB0EA9201814286800932BBE /* FCUTF8String.m in Sources */,
				CB0EA8E91814284900932BBE /* FCLispEnvironment.m in Sources */,
				CB0EA90E1814285F00932BBE /* FCLispDictionary.m in Sources */,
				CB0EA9141814285F00932BBE /* FCLispSequence.m in Sources */,
				CB0EA9101814285F00932BBE /* FCLispLambdaFunction.m in Sources */,
				CB0EA9111814285F00932BBE /* FCLispNIL.m in Sources */,
				CB0EA9121814285F00932BBE /* FCLispNumber.m in Sources */,
				CBD9DDD5181587EF009778E7 /* FCLispArray.m in Sources */,
				CB0EA90C1814285F00932BBE /* FCLispCharacter.m in Sources */,
				CB0EA9131814285F00932BBE /* FCLispObject.m in Sources */,
				CB0EA8EF1814284900932BBE /* FCLispParserToken.m in Sources */,
				CB0EA91F1814286800932BBE /* FCUTF8CharacterStream.m in Sources */,
				CB0EA9231814287000932BBE /* NSArray+FCLisp.m in Sources */,
				CB0EA8EE1814284900932BBE /* FCLispParser.m in Sources */,
				CB0EA9151814285F00932BBE /* FCLispString.m in Sources */,
				CB5BC89B17F8CB7700084263 /* main.m in Sources */,
				CB0EA90D1814285F00932BBE /* FCLispCons.m in Sources */,
			);
			runOnlyForDeploymentPostprocessing = 0;
		};
/* End PBXSourcesBuildPhase section */

/* Begin XCBuildConfiguration section */
		CB5BC8A017F8CB7700084263 /* Debug */ = {
			isa = XCBuildConfiguration;
			buildSettings = {
				ALWAYS_SEARCH_USER_PATHS = NO;
				CLANG_CXX_LANGUAGE_STANDARD = "gnu++0x";
				CLANG_CXX_LIBRARY = "libc++";
				CLANG_ENABLE_OBJC_ARC = YES;
				CLANG_WARN_BOOL_CONVERSION = YES;
				CLANG_WARN_CONSTANT_CONVERSION = YES;
				CLANG_WARN_DIRECT_OBJC_ISA_USAGE = YES_ERROR;
				CLANG_WARN_EMPTY_BODY = YES;
				CLANG_WARN_ENUM_CONVERSION = YES;
				CLANG_WARN_INT_CONVERSION = YES;
				CLANG_WARN_OBJC_ROOT_CLASS = YES_ERROR;
				CLANG_WARN__DUPLICATE_METHOD_MATCH = YES;
				COPY_PHASE_STRIP = NO;
				GCC_C_LANGUAGE_STANDARD = gnu99;
				GCC_DYNAMIC_NO_PIC = NO;
				GCC_ENABLE_OBJC_EXCEPTIONS = YES;
				GCC_OPTIMIZATION_LEVEL = 0;
				GCC_PREPROCESSOR_DEFINITIONS = (
					"DEBUG=1",
					"$(inherited)",
				);
				GCC_SYMBOLS_PRIVATE_EXTERN = NO;
				GCC_WARN_64_TO_32_BIT_CONVERSION = YES;
				GCC_WARN_ABOUT_RETURN_TYPE = YES_ERROR;
				GCC_WARN_UNDECLARED_SELECTOR = YES;
				GCC_WARN_UNINITIALIZED_AUTOS = YES;
				GCC_WARN_UNUSED_FUNCTION = YES;
				GCC_WARN_UNUSED_VARIABLE = YES;
				MACOSX_DEPLOYMENT_TARGET = 10.8;
				ONLY_ACTIVE_ARCH = YES;
				SDKROOT = macosx;
			};
			name = Debug;
		};
		CB5BC8A117F8CB7700084263 /* Release */ = {
			isa = XCBuildConfiguration;
			buildSettings = {
				ALWAYS_SEARCH_USER_PATHS = NO;
				CLANG_CXX_LANGUAGE_STANDARD = "gnu++0x";
				CLANG_CXX_LIBRARY = "libc++";
				CLANG_ENABLE_OBJC_ARC = YES;
				CLANG_WARN_BOOL_CONVERSION = YES;
				CLANG_WARN_CONSTANT_CONVERSION = YES;
				CLANG_WARN_DIRECT_OBJC_ISA_USAGE = YES_ERROR;
				CLANG_WARN_EMPTY_BODY = YES;
				CLANG_WARN_ENUM_CONVERSION = YES;
				CLANG_WARN_INT_CONVERSION = YES;
				CLANG_WARN_OBJC_ROOT_CLASS = YES_ERROR;
				CLANG_WARN__DUPLICATE_METHOD_MATCH = YES;
				COPY_PHASE_STRIP = YES;
				DEBUG_INFORMATION_FORMAT = "dwarf-with-dsym";
				ENABLE_NS_ASSERTIONS = NO;
				GCC_C_LANGUAGE_STANDARD = gnu99;
				GCC_ENABLE_OBJC_EXCEPTIONS = YES;
				GCC_WARN_64_TO_32_BIT_CONVERSION = YES;
				GCC_WARN_ABOUT_RETURN_TYPE = YES_ERROR;
				GCC_WARN_UNDECLARED_SELECTOR = YES;
				GCC_WARN_UNINITIALIZED_AUTOS = YES;
				GCC_WARN_UNUSED_FUNCTION = YES;
				GCC_WARN_UNUSED_VARIABLE = YES;
				MACOSX_DEPLOYMENT_TARGET = 10.8;
				SDKROOT = macosx;
			};
			name = Release;
		};
		CB5BC8A317F8CB7700084263 /* Debug */ = {
			isa = XCBuildConfiguration;
			buildSettings = {
				GCC_PRECOMPILE_PREFIX_HEADER = YES;
				GCC_PREFIX_HEADER = "FCLispInterpreter/FCLispInterpreter-Prefix.pch";
				PRODUCT_NAME = "$(TARGET_NAME)";
			};
			name = Debug;
		};
		CB5BC8A417F8CB7700084263 /* Release */ = {
			isa = XCBuildConfiguration;
			buildSettings = {
				GCC_PRECOMPILE_PREFIX_HEADER = YES;
				GCC_PREFIX_HEADER = "FCLispInterpreter/FCLispInterpreter-Prefix.pch";
				PRODUCT_NAME = "$(TARGET_NAME)";
			};
			name = Release;
		};
/* End XCBuildConfiguration section */

/* Begin XCConfigurationList section */
		CB5BC88F17F8CB7700084263 /* Build configuration list for PBXProject "FCLispInterpreter" */ = {
			isa = XCConfigurationList;
			buildConfigurations = (
				CB5BC8A017F8CB7700084263 /* Debug */,
				CB5BC8A117F8CB7700084263 /* Release */,
			);
			defaultConfigurationIsVisible = 0;
			defaultConfigurationName = Release;
		};
		CB5BC8A217F8CB7700084263 /* Build configuration list for PBXNativeTarget "FCLispInterpreter" */ = {
			isa = XCConfigurationList;
			buildConfigurations = (
				CB5BC8A317F8CB7700084263 /* Debug */,
				CB5BC8A417F8CB7700084263 /* Release */,
			);
			defaultConfigurationIsVisible = 0;
			defaultConfigurationName = Release;
		};
/* End XCConfigurationList section */
	};
	rootObject = CB5BC88C17F8CB7700084263 /* Project object */;
}
